
Microsoft Visual Studio Solution File, Format Version 12.00
# Visual Studio Version 17
VisualStudioVersion = 17.2.32630.192
MinimumVisualStudioVersion = 10.0.40219.1
Project("{9A19103F-16F7-4668-BE54-9A1E7A4F7556}") = "TemplateServerExtension", "TemplateServerExtension.csproj", "{5FAACD2E-0AFF-40EE-A142-D55F52EE7A39}"
EndProject
Global
	GlobalSection(SolutionConfigurationPlatforms) = preSolution
		Debug|Any CPU = Debug|Any CPU
		Release|Any CPU = Release|Any CPU
	EndGlobalSection
	GlobalSection(ProjectConfigurationPlatforms) = postSolution
		{5FAACD2E-0AFF-40EE-A142-D55F52EE7A39}.Debug|Any CPU.ActiveCfg = Debug|Any CPU
		{5FAACD2E-0AFF-40EE-A142-D55F52EE7A39}.Debug|Any CPU.Build.0 = Debug|Any CPU
		{5FAACD2E-0AFF-40EE-A142-D55F52EE7A39}.Release|Any CPU.ActiveCfg = Release|Any CPU
		{5FAACD2E-0AFF-40EE-A142-D55F52EE7A39}.Release|Any CPU.Build.0 = Release|Any CPU
	EndGlobalSection
	GlobalSection(SolutionProperties) = preSolution
		HideSolutionNode = FALSE
	EndGlobalSection
	GlobalSection(ExtensibilityGlobals) = postSolution
		SolutionGuid = {99FB3CB9-FEF6-40F0-991E-29806CD92129}
	EndGlobalSection
EndGlobal
